
Microsoft Visual Studio Solution File, Format Version 12.00
# Visual Studio Version 17
VisualStudioVersion = 17.9.34622.214
MinimumVisualStudioVersion = 10.0.40219.1
Project("{FAE04EC0-301F-11D3-BF4B-00C04F79EFBC}") = "WindowsFormsApp6", "WindowsFormsApp6\WindowsFormsApp6.csproj", "{04D8BC89-75DA-4100-B86C-25A128CEDE4F}"
EndProject
Global
	GlobalSection(SolutionConfigurationPlatforms) = preSolution
		Debug|Any CPU = Debug|Any CPU
		Release|Any CPU = Release|Any CPU
	EndGlobalSection
	GlobalSection(ProjectConfigurationPlatforms) = postSolution
		{04D8BC89-75DA-4100-B86C-25A128CEDE4F}.Debug|Any CPU.ActiveCfg = Debug|Any CPU
		{04D8BC89-75DA-4100-B86C-25A128CEDE4F}.Debug|Any CPU.Build.0 = Debug|Any CPU
		{04D8BC89-75DA-4100-B86C-25A128CEDE4F}.Release|Any CPU.ActiveCfg = Release|Any CPU
		{04D8BC89-75DA-4100-B86C-25A128CEDE4F}.Release|Any CPU.Build.0 = Release|Any CPU
	EndGlobalSection
	GlobalSection(SolutionProperties) = preSolution
		HideSolutionNode = FALSE
	EndGlobalSection
	GlobalSection(ExtensibilityGlobals) = postSolution
		SolutionGuid = {A26BF577-C9F7-4E88-8649-C7DF497BC91B}
	EndGlobalSection
EndGlobal
